
Microsoft Visual Studio Solution File, Format Version 12.00
# Visual Studio Version 16
VisualStudioVersion = 16.0.30104.148
MinimumVisualStudioVersion = 10.0.40219.1
Project("{888888A0-9F3D-457C-B088-3A5042F75D52}") = "Excel parser", "Excel parser.pyproj", "{B7867655-973E-4030-A3A1-DDA09F2D6007}"
EndProject
Global
	GlobalSection(SolutionConfigurationPlatforms) = preSolution
		Debug|Any CPU = Debug|Any CPU
		Release|Any CPU = Release|Any CPU
	EndGlobalSection
	GlobalSection(ProjectConfigurationPlatforms) = postSolution
		{B7867655-973E-4030-A3A1-DDA09F2D6007}.Debug|Any CPU.ActiveCfg = Debug|Any CPU
		{B7867655-973E-4030-A3A1-DDA09F2D6007}.Release|Any CPU.ActiveCfg = Release|Any CPU
	EndGlobalSection
	GlobalSection(SolutionProperties) = preSolution
		HideSolutionNode = FALSE
	EndGlobalSection
	GlobalSection(ExtensibilityGlobals) = postSolution
		SolutionGuid = {E981FC13-81A0-4494-94FD-8A4EA7AA392B}
	EndGlobalSection
EndGlobal
